{
  "name": "simple-nodejs-testing",
  "lockfileVersion": 2,
  "requires": true,
  "packages": {
    "": {
      "dependencies": {
        "fortune": "^5.5.18",
        "random-number": "^0.0.9",
        "whatever": "^6000.0.0"
      }
    },
    "node_modules/error-class": {
      "version": "2.0.2",
      "resolved": "https://registry.npmjs.org/error-class/-/error-class-2.0.2.tgz",
      "integrity": "sha512-Saa2G4bWSnh/I4Pw9bKHUvNZaxZJqthSV49dQxgM0vKGIBl5ap54AmBqsc0ONQYG5gOrKv4kLvfsZuvxM9Z23Q=="
    },
    "node_modules/event-lite": {
      "version": "0.1.2",
      "resolved": "https://registry.npmjs.org/event-lite/-/event-lite-0.1.2.tgz",
      "integrity": "sha512-HnSYx1BsJ87/p6swwzv+2v6B4X+uxUteoDfRxsAb1S1BePzQqOLevVmkdA15GHJVd9A9Ok6wygUR18Hu0YeV9g=="
    },
    "node_modules/fortune": {
      "version": "5.5.18",
      "resolved": "https://registry.npmjs.org/fortune/-/fortune-5.5.18.tgz",
      "integrity": "sha512-bWZVvXnHVi5DKDQQC73fhjCADLUVz9oEHEf9kjDTy7aH26F6MYTa8LU7rb+jIqSG1w1id/3w2aKtFER5YJq0KQ==",
      "dependencies": {
        "error-class": "^2.0.2",
        "event-lite": "^0.1.2"
      }
    },
    "node_modules/random-number": {
      "version": "0.0.9",
      "resolved": "https://registry.npmjs.org/random-number/-/random-number-0.0.9.tgz",
      "integrity": "sha512-ipG3kRCREi/YQpi2A5QGcvDz1KemohovWmH6qGfboVyyGdR2t/7zQz0vFxrfxpbHQgPPdtVlUDaks3aikD1Ljw=="
    },
    "node_modules/whatever": {
      "version": "6000.0.0",
      "resolved": "https://registry.npmjs.org/whatever/-/whatever-6000.0.0.tgz",
      "integrity": "sha1-uoiAQQhzunOx0yBEABZeWa1k7H0="
    }
  },
  "dependencies": {
    "error-class": {
      "version": "2.0.2",
      "resolved": "https://registry.npmjs.org/error-class/-/error-class-2.0.2.tgz",
      "integrity": "sha512-Saa2G4bWSnh/I4Pw9bKHUvNZaxZJqthSV49dQxgM0vKGIBl5ap54AmBqsc0ONQYG5gOrKv4kLvfsZuvxM9Z23Q=="
    },
    "event-lite": {
      "version": "0.1.2",
      "resolved": "https://registry.npmjs.org/event-lite/-/event-lite-0.1.2.tgz",
      "integrity": "sha512-HnSYx1BsJ87/p6swwzv+2v6B4X+uxUteoDfRxsAb1S1BePzQqOLevVmkdA15GHJVd9A9Ok6wygUR18Hu0YeV9g=="
    },
    "fortune": {
      "version": "5.5.18",
      "resolved": "https://registry.npmjs.org/fortune/-/fortune-5.5.18.tgz",
      "integrity": "sha512-bWZVvXnHVi5DKDQQC73fhjCADLUVz9oEHEf9kjDTy7aH26F6MYTa8LU7rb+jIqSG1w1id/3w2aKtFER5YJq0KQ==",
      "requires": {
        "error-class": "^2.0.2",
        "event-lite": "^0.1.2"
      }
    },
    "random-number": {
      "version": "0.0.9",
      "resolved": "https://registry.npmjs.org/random-number/-/random-number-0.0.9.tgz",
      "integrity": "sha512-ipG3kRCREi/YQpi2A5QGcvDz1KemohovWmH6qGfboVyyGdR2t/7zQz0vFxrfxpbHQgPPdtVlUDaks3aikD1Ljw=="
    },
    "whatever": {
      "version": "6000.0.0",
      "resolved": "https://registry.npmjs.org/whatever/-/whatever-6000.0.0.tgz",
      "integrity": "sha1-uoiAQQhzunOx0yBEABZeWa1k7H0="
    }
  }
}
